// !$*UTF8*$!
{
	archiveVersion = 1;
	classes = {
	};
	objectVersion = 46;
	objects = {

/* Begin PBXBuildFile section */
		1C63E3311803C74600E0AAEC /* Foundation.framework in Frameworks */ = {isa = PBXBuildFile; fileRef = 1C63E3301803C74600E0AAEC /* Foundation.framework */; };
		1C63E3331803C74600E0AAEC /* CoreGraphics.framework in Frameworks */ = {isa = PBXBuildFile; fileRef = 1C63E3321803C74600E0AAEC /* CoreGraphics.framework */; };
		1C63E3351803C74600E0AAEC /* UIKit.framework in Frameworks */ = {isa = PBXBuildFile; fileRef = 1C63E3341803C74600E0AAEC /* UIKit.framework */; };
		1C63E33B1803C74600E0AAEC /* InfoPlist.strings in Resources */ = {isa = PBXBuildFile; fileRef = 1C63E3391803C74600E0AAEC /* InfoPlist.strings */; };
		1C63E33D1803C74600E0AAEC /* main.m in Sources */ = {isa = PBXBuildFile; fileRef = 1C63E33C1803C74600E0AAEC /* main.m */; };
		1C63E3411803C74600E0AAEC /* AppDelegate.m in Sources */ = {isa = PBXBuildFile; fileRef = 1C63E3401803C74600E0AAEC /* AppDelegate.m */; };
		1C63E3491803C74600E0AAEC /* Images.xcassets in Resources */ = {isa = PBXBuildFile; fileRef = 1C63E3481803C74600E0AAEC /* Images.xcassets */; };
		1C63E3501803C74700E0AAEC /* XCTest.framework in Frameworks */ = {isa = PBXBuildFile; fileRef = 1C63E34F1803C74700E0AAEC /* XCTest.framework */; };
		1C63E3511803C74700E0AAEC /* Foundation.framework in Frameworks */ = {isa = PBXBuildFile; fileRef = 1C63E3301803C74600E0AAEC /* Foundation.framework */; };
		1C63E3521803C74700E0AAEC /* UIKit.framework in Frameworks */ = {isa = PBXBuildFile; fileRef = 1C63E3341803C74600E0AAEC /* UIKit.framework */; };
		1C63E35A1803C74700E0AAEC /* InfoPlist.strings in Resources */ = {isa = PBXBuildFile; fileRef = 1C63E3581803C74700E0AAEC /* InfoPlist.strings */; };
		1C63E35C1803C74700E0AAEC /* PSAMediaPlayerTests.m in Sources */ = {isa = PBXBuildFile; fileRef = 1C63E35B1803C74700E0AAEC /* PSAMediaPlayerTests.m */; };
		1C63E36F1803C7FD00E0AAEC /* PSAMainViewController.m in Sources */ = {isa = PBXBuildFile; fileRef = 1C63E36D1803C7FD00E0AAEC /* PSAMainViewController.m */; };
		1C63E3701803C7FD00E0AAEC /* PSAMainViewController.xib in Resources */ = {isa = PBXBuildFile; fileRef = 1C63E36E1803C7FD00E0AAEC /* PSAMainViewController.xib */; };
		1C63E3751804E55500E0AAEC /* PSAVideoPanelViewController.m in Sources */ = {isa = PBXBuildFile; fileRef = 1C63E3731804E55500E0AAEC /* PSAVideoPanelViewController.m */; };
		1C63E3761804E55500E0AAEC /* PSAVideoPanelViewController.xib in Resources */ = {isa = PBXBuildFile; fileRef = 1C63E3741804E55500E0AAEC /* PSAVideoPanelViewController.xib */; };
		1C63E37D1804E67700E0AAEC /* UIView+Frame.m in Sources */ = {isa = PBXBuildFile; fileRef = 1C63E3791804E67700E0AAEC /* UIView+Frame.m */; };
		1C63E37E1804E67700E0AAEC /* UILabel+Font.m in Sources */ = {isa = PBXBuildFile; fileRef = 1C63E37B1804E67700E0AAEC /* UILabel+Font.m */; };
		1C63E38318051C7D00E0AAEC /* PSAVideoDVDViewController.m in Sources */ = {isa = PBXBuildFile; fileRef = 1C63E38118051C7D00E0AAEC /* PSAVideoDVDViewController.m */; };
		1C63E38418051C7D00E0AAEC /* PSAVideoDVDViewController.xib in Resources */ = {isa = PBXBuildFile; fileRef = 1C63E38218051C7D00E0AAEC /* PSAVideoDVDViewController.xib */; };
		1C63E38818051DD400E0AAEC /* PSAVideoYoukuViewController.m in Sources */ = {isa = PBXBuildFile; fileRef = 1C63E38618051DD400E0AAEC /* PSAVideoYoukuViewController.m */; };
		1C63E38918051DD400E0AAEC /* PSAVideoYoukuViewController.xib in Resources */ = {isa = PBXBuildFile; fileRef = 1C63E38718051DD400E0AAEC /* PSAVideoYoukuViewController.xib */; };
		1C63E38D1807D40F00E0AAEC /* PSAMusicPlayer.m in Sources */ = {isa = PBXBuildFile; fileRef = 1C63E38B1807D40F00E0AAEC /* PSAMusicPlayer.m */; };
		1C63E3931807D47700E0AAEC /* PSATune.m in Sources */ = {isa = PBXBuildFile; fileRef = 1C63E3901807D47700E0AAEC /* PSATune.m */; };
		1C63E3941807D47700E0AAEC /* PSATunesList.m in Sources */ = {isa = PBXBuildFile; fileRef = 1C63E3921807D47700E0AAEC /* PSATunesList.m */; };
		1C63E3971807D4CE00E0AAEC /* NSArray+Data.m in Sources */ = {isa = PBXBuildFile; fileRef = 1C63E3961807D4CE00E0AAEC /* NSArray+Data.m */; };
		4BBC7163180A67EC00D3C5EB /* PSARadioPlayer.m in Sources */ = {isa = PBXBuildFile; fileRef = 4BBC7162180A67EC00D3C5EB /* PSARadioPlayer.m */; };
		7FC2793C18068E6800E7B225 /* UIView+FadeInOut.m in Sources */ = {isa = PBXBuildFile; fileRef = 7FC2793B18068E6800E7B225 /* UIView+FadeInOut.m */; };
		7FC2794018068F4D00E7B225 /* StyledPageControl.m in Sources */ = {isa = PBXBuildFile; fileRef = 7FC2793F18068F4D00E7B225 /* StyledPageControl.m */; };
		7FC2794318068F6200E7B225 /* DMPagingScrollView.m in Sources */ = {isa = PBXBuildFile; fileRef = 7FC2794218068F6200E7B225 /* DMPagingScrollView.m */; };
		7FC2794718068F9900E7B225 /* PSAMusicDiskView.m in Sources */ = {isa = PBXBuildFile; fileRef = 7FC2794618068F9900E7B225 /* PSAMusicDiskView.m */; };
		7FC2794A18068FD700E7B225 /* UIView+Subview.m in Sources */ = {isa = PBXBuildFile; fileRef = 7FC2794918068FD700E7B225 /* UIView+Subview.m */; };
		7FC2794E1807E52F00E7B225 /* PSAVideoDeviceViewController.m in Sources */ = {isa = PBXBuildFile; fileRef = 7FC2794C1807E52F00E7B225 /* PSAVideoDeviceViewController.m */; };
		7FC2794F1807E52F00E7B225 /* PSAVideoDeviceViewController.xib in Resources */ = {isa = PBXBuildFile; fileRef = 7FC2794D1807E52F00E7B225 /* PSAVideoDeviceViewController.xib */; };
		7FC279531807E53B00E7B225 /* PSAVideoCoverViewController.m in Sources */ = {isa = PBXBuildFile; fileRef = 7FC279511807E53B00E7B225 /* PSAVideoCoverViewController.m */; };
		7FC279541807E53B00E7B225 /* PSAVideoCoverViewController.xib in Resources */ = {isa = PBXBuildFile; fileRef = 7FC279521807E53B00E7B225 /* PSAVideoCoverViewController.xib */; };
		7FC279591807E57100E7B225 /* PSAAppListHeaderView.m in Sources */ = {isa = PBXBuildFile; fileRef = 7FC279571807E57100E7B225 /* PSAAppListHeaderView.m */; };
		7FC2795A1807E57100E7B225 /* PSAAppListHeaderView.xib in Resources */ = {isa = PBXBuildFile; fileRef = 7FC279581807E57100E7B225 /* PSAAppListHeaderView.xib */; };
		7FC2795E1807E57F00E7B225 /* PSAMusicDeviceCell.m in Sources */ = {isa = PBXBuildFile; fileRef = 7FC2795C1807E57F00E7B225 /* PSAMusicDeviceCell.m */; };
		7FC2795F1807E57F00E7B225 /* PSAMusicDeviceCell.xib in Resources */ = {isa = PBXBuildFile; fileRef = 7FC2795D1807E57F00E7B225 /* PSAMusicDeviceCell.xib */; };
		7FC279631807E59000E7B225 /* PSAMusicPlusCell.xib in Resources */ = {isa = PBXBuildFile; fileRef = 7FC279601807E59000E7B225 /* PSAMusicPlusCell.xib */; };
		7FC279641807E59000E7B225 /* PSAMusicPlusCell.m in Sources */ = {isa = PBXBuildFile; fileRef = 7FC279621807E59000E7B225 /* PSAMusicPlusCell.m */; };
		7FC279681807E5B700E7B225 /* PSAVideoCoverItemView.m in Sources */ = {isa = PBXBuildFile; fileRef = 7FC279661807E5B700E7B225 /* PSAVideoCoverItemView.m */; };
		7FC279691807E5B700E7B225 /* PSAVideoCoverItemView.xib in Resources */ = {isa = PBXBuildFile; fileRef = 7FC279671807E5B700E7B225 /* PSAVideoCoverItemView.xib */; };
/* End PBXBuildFile section */

/* Begin PBXContainerItemProxy section */
		1C63E3531803C74700E0AAEC /* PBXContainerItemProxy */ = {
			isa = PBXContainerItemProxy;
			containerPortal = 1C63E3251803C74600E0AAEC /* Project object */;
			proxyType = 1;
			remoteGlobalIDString = 1C63E32C1803C74600E0AAEC;
			remoteInfo = PSAMediaPlayer;
		};
/* End PBXContainerItemProxy section */

/* Begin PBXFileReference section */
		1C63E32D1803C74600E0AAEC /* PSAMediaPlayer.app */ = {isa = PBXFileReference; explicitFileType = wrapper.application; includeInIndex = 0; path = PSAMediaPlayer.app; sourceTree = BUILT_PRODUCTS_DIR; };
		1C63E3301803C74600E0AAEC /* Foundation.framework */ = {isa = PBXFileReference; lastKnownFileType = wrapper.framework; name = Foundation.framework; path = System/Library/Frameworks/Foundation.framework; sourceTree = SDKROOT; };
		1C63E3321803C74600E0AAEC /* CoreGraphics.framework */ = {isa = PBXFileReference; lastKnownFileType = wrapper.framework; name = CoreGraphics.framework; path = System/Library/Frameworks/CoreGraphics.framework; sourceTree = SDKROOT; };
		1C63E3341803C74600E0AAEC /* UIKit.framework */ = {isa = PBXFileReference; lastKnownFileType = wrapper.framework; name = UIKit.framework; path = System/Library/Frameworks/UIKit.framework; sourceTree = SDKROOT; };
		1C63E3381803C74600E0AAEC /* PSAMediaPlayer-Info.plist */ = {isa = PBXFileReference; lastKnownFileType = text.plist.xml; path = "PSAMediaPlayer-Info.plist"; sourceTree = "<group>"; };
		1C63E33A1803C74600E0AAEC /* en */ = {isa = PBXFileReference; lastKnownFileType = text.plist.strings; name = en; path = en.lproj/InfoPlist.strings; sourceTree = "<group>"; };
		1C63E33C1803C74600E0AAEC /* main.m */ = {isa = PBXFileReference; lastKnownFileType = sourcecode.c.objc; path = main.m; sourceTree = "<group>"; };
		1C63E33E1803C74600E0AAEC /* PSAMediaPlayer-Prefix.pch */ = {isa = PBXFileReference; lastKnownFileType = sourcecode.c.h; path = "PSAMediaPlayer-Prefix.pch"; sourceTree = "<group>"; };
		1C63E33F1803C74600E0AAEC /* AppDelegate.h */ = {isa = PBXFileReference; lastKnownFileType = sourcecode.c.h; path = AppDelegate.h; sourceTree = "<group>"; };
		1C63E3401803C74600E0AAEC /* AppDelegate.m */ = {isa = PBXFileReference; lastKnownFileType = sourcecode.c.objc; path = AppDelegate.m; sourceTree = "<group>"; };
		1C63E3481803C74600E0AAEC /* Images.xcassets */ = {isa = PBXFileReference; lastKnownFileType = folder.assetcatalog; path = Images.xcassets; sourceTree = "<group>"; };
		1C63E34E1803C74700E0AAEC /* PSAMediaPlayerTests.xctest */ = {isa = PBXFileReference; explicitFileType = wrapper.cfbundle; includeInIndex = 0; path = PSAMediaPlayerTests.xctest; sourceTree = BUILT_PRODUCTS_DIR; };
		1C63E34F1803C74700E0AAEC /* XCTest.framework */ = {isa = PBXFileReference; lastKnownFileType = wrapper.framework; name = XCTest.framework; path = Library/Frameworks/XCTest.framework; sourceTree = DEVELOPER_DIR; };
		1C63E3571803C74700E0AAEC /* PSAMediaPlayerTests-Info.plist */ = {isa = PBXFileReference; lastKnownFileType = text.plist.xml; path = "PSAMediaPlayerTests-Info.plist"; sourceTree = "<group>"; };
		1C63E3591803C74700E0AAEC /* en */ = {isa = PBXFileReference; lastKnownFileType = text.plist.strings; name = en; path = en.lproj/InfoPlist.strings; sourceTree = "<group>"; };
		1C63E35B1803C74700E0AAEC /* PSAMediaPlayerTests.m */ = {isa = PBXFileReference; lastKnownFileType = sourcecode.c.objc; path = PSAMediaPlayerTests.m; sourceTree = "<group>"; };
		1C63E36C1803C7FD00E0AAEC /* PSAMainViewController.h */ = {isa = PBXFileReference; fileEncoding = 4; lastKnownFileType = sourcecode.c.h; name = PSAMainViewController.h; path = Class/ViewController/PSAMainViewController.h; sourceTree = "<group>"; };
		1C63E36D1803C7FD00E0AAEC /* PSAMainViewController.m */ = {isa = PBXFileReference; fileEncoding = 4; lastKnownFileType = sourcecode.c.objc; name = PSAMainViewController.m; path = Class/ViewController/PSAMainViewController.m; sourceTree = "<group>"; };
		1C63E36E1803C7FD00E0AAEC /* PSAMainViewController.xib */ = {isa = PBXFileReference; fileEncoding = 4; lastKnownFileType = file.xib; name = PSAMainViewController.xib; path = Class/ViewController/PSAMainViewController.xib; sourceTree = "<group>"; };
		1C63E3711803C91D00E0AAEC /* PSAConstantConfig.h */ = {isa = PBXFileReference; lastKnownFileType = sourcecode.c.h; path = PSAConstantConfig.h; sourceTree = "<group>"; };
		1C63E3721804E55500E0AAEC /* PSAVideoPanelViewController.h */ = {isa = PBXFileReference; fileEncoding = 4; lastKnownFileType = sourcecode.c.h; path = PSAVideoPanelViewController.h; sourceTree = "<group>"; };
		1C63E3731804E55500E0AAEC /* PSAVideoPanelViewController.m */ = {isa = PBXFileReference; fileEncoding = 4; lastKnownFileType = sourcecode.c.objc; path = PSAVideoPanelViewController.m; sourceTree = "<group>"; };
		1C63E3741804E55500E0AAEC /* PSAVideoPanelViewController.xib */ = {isa = PBXFileReference; fileEncoding = 4; lastKnownFileType = file.xib; path = PSAVideoPanelViewController.xib; sourceTree = "<group>"; };
		1C63E3781804E67700E0AAEC /* UIView+Frame.h */ = {isa = PBXFileReference; fileEncoding = 4; lastKnownFileType = sourcecode.c.h; path = "UIView+Frame.h"; sourceTree = "<group>"; };
		1C63E3791804E67700E0AAEC /* UIView+Frame.m */ = {isa = PBXFileReference; fileEncoding = 4; lastKnownFileType = sourcecode.c.objc; path = "UIView+Frame.m"; sourceTree = "<group>"; };
		1C63E37A1804E67700E0AAEC /* UILabel+Font.h */ = {isa = PBXFileReference; fileEncoding = 4; lastKnownFileType = sourcecode.c.h; path = "UILabel+Font.h"; sourceTree = "<group>"; };
		1C63E37B1804E67700E0AAEC /* UILabel+Font.m */ = {isa = PBXFileReference; fileEncoding = 4; lastKnownFileType = sourcecode.c.objc; path = "UILabel+Font.m"; sourceTree = "<group>"; };
		1C63E38018051C7C00E0AAEC /* PSAVideoDVDViewController.h */ = {isa = PBXFileReference; fileEncoding = 4; lastKnownFileType = sourcecode.c.h; path = PSAVideoDVDViewController.h; sourceTree = "<group>"; };
		1C63E38118051C7D00E0AAEC /* PSAVideoDVDViewController.m */ = {isa = PBXFileReference; fileEncoding = 4; lastKnownFileType = sourcecode.c.objc; path = PSAVideoDVDViewController.m; sourceTree = "<group>"; };
		1C63E38218051C7D00E0AAEC /* PSAVideoDVDViewController.xib */ = {isa = PBXFileReference; fileEncoding = 4; lastKnownFileType = file.xib; path = PSAVideoDVDViewController.xib; sourceTree = "<group>"; };
		1C63E38518051DD400E0AAEC /* PSAVideoYoukuViewController.h */ = {isa = PBXFileReference; fileEncoding = 4; lastKnownFileType = sourcecode.c.h; path = PSAVideoYoukuViewController.h; sourceTree = "<group>"; };
		1C63E38618051DD400E0AAEC /* PSAVideoYoukuViewController.m */ = {isa = PBXFileReference; fileEncoding = 4; lastKnownFileType = sourcecode.c.objc; path = PSAVideoYoukuViewController.m; sourceTree = "<group>"; };
		1C63E38718051DD400E0AAEC /* PSAVideoYoukuViewController.xib */ = {isa = PBXFileReference; fileEncoding = 4; lastKnownFileType = file.xib; path = PSAVideoYoukuViewController.xib; sourceTree = "<group>"; };
		1C63E38A1807D40F00E0AAEC /* PSAMusicPlayer.h */ = {isa = PBXFileReference; fileEncoding = 4; lastKnownFileType = sourcecode.c.h; path = PSAMusicPlayer.h; sourceTree = "<group>"; };
		1C63E38B1807D40F00E0AAEC /* PSAMusicPlayer.m */ = {isa = PBXFileReference; fileEncoding = 4; lastKnownFileType = sourcecode.c.objc; path = PSAMusicPlayer.m; sourceTree = "<group>"; };
		1C63E38C1807D40F00E0AAEC /* PSAMusicConstantsConfig.h */ = {isa = PBXFileReference; fileEncoding = 4; lastKnownFileType = sourcecode.c.h; path = PSAMusicConstantsConfig.h; sourceTree = "<group>"; };
		1C63E38F1807D47700E0AAEC /* PSATune.h */ = {isa = PBXFileReference; fileEncoding = 4; lastKnownFileType = sourcecode.c.h; path = PSATune.h; sourceTree = "<group>"; };
		1C63E3901807D47700E0AAEC /* PSATune.m */ = {isa = PBXFileReference; fileEncoding = 4; lastKnownFileType = sourcecode.c.objc; path = PSATune.m; sourceTree = "<group>"; };
		1C63E3911807D47700E0AAEC /* PSATunesList.h */ = {isa = PBXFileReference; fileEncoding = 4; lastKnownFileType = sourcecode.c.h; path = PSATunesList.h; sourceTree = "<group>"; };
		1C63E3921807D47700E0AAEC /* PSATunesList.m */ = {isa = PBXFileReference; fileEncoding = 4; lastKnownFileType = sourcecode.c.objc; path = PSATunesList.m; sourceTree = "<group>"; };
		1C63E3951807D4CE00E0AAEC /* NSArray+Data.h */ = {isa = PBXFileReference; fileEncoding = 4; lastKnownFileType = sourcecode.c.h; path = "NSArray+Data.h"; sourceTree = "<group>"; };
		1C63E3961807D4CE00E0AAEC /* NSArray+Data.m */ = {isa = PBXFileReference; fileEncoding = 4; lastKnownFileType = sourcecode.c.objc; path = "NSArray+Data.m"; sourceTree = "<group>"; };
		4BBC7160180A67EC00D3C5EB /* PSARadioConstantsConfig.h */ = {isa = PBXFileReference; fileEncoding = 4; lastKnownFileType = sourcecode.c.h; path = PSARadioConstantsConfig.h; sourceTree = "<group>"; };
		4BBC7161180A67EC00D3C5EB /* PSARadioPlayer.h */ = {isa = PBXFileReference; fileEncoding = 4; lastKnownFileType = sourcecode.c.h; path = PSARadioPlayer.h; sourceTree = "<group>"; };
		4BBC7162180A67EC00D3C5EB /* PSARadioPlayer.m */ = {isa = PBXFileReference; fileEncoding = 4; lastKnownFileType = sourcecode.c.objc; path = PSARadioPlayer.m; sourceTree = "<group>"; };
		7FC2793918068DEE00E7B225 /* PSAVideoConstantsConfig.h */ = {isa = PBXFileReference; lastKnownFileType = sourcecode.c.h; path = PSAVideoConstantsConfig.h; sourceTree = "<group>"; };
		7FC2793A18068E6800E7B225 /* UIView+FadeInOut.h */ = {isa = PBXFileReference; fileEncoding = 4; lastKnownFileType = sourcecode.c.h; path = "UIView+FadeInOut.h"; sourceTree = "<group>"; };
		7FC2793B18068E6800E7B225 /* UIView+FadeInOut.m */ = {isa = PBXFileReference; fileEncoding = 4; lastKnownFileType = sourcecode.c.objc; path = "UIView+FadeInOut.m"; sourceTree = "<group>"; };
		7FC2793E18068F4D00E7B225 /* StyledPageControl.h */ = {isa = PBXFileReference; fileEncoding = 4; lastKnownFileType = sourcecode.c.h; path = StyledPageControl.h; sourceTree = "<group>"; };
		7FC2793F18068F4D00E7B225 /* StyledPageControl.m */ = {isa = PBXFileReference; fileEncoding = 4; lastKnownFileType = sourcecode.c.objc; path = StyledPageControl.m; sourceTree = "<group>"; };
		7FC2794118068F6200E7B225 /* DMPagingScrollView.h */ = {isa = PBXFileReference; fileEncoding = 4; lastKnownFileType = sourcecode.c.h; path = DMPagingScrollView.h; sourceTree = "<group>"; };
		7FC2794218068F6200E7B225 /* DMPagingScrollView.m */ = {isa = PBXFileReference; fileEncoding = 4; lastKnownFileType = sourcecode.c.objc; path = DMPagingScrollView.m; sourceTree = "<group>"; };
		7FC2794518068F9900E7B225 /* PSAMusicDiskView.h */ = {isa = PBXFileReference; fileEncoding = 4; lastKnownFileType = sourcecode.c.h; path = PSAMusicDiskView.h; sourceTree = "<group>"; };
		7FC2794618068F9900E7B225 /* PSAMusicDiskView.m */ = {isa = PBXFileReference; fileEncoding = 4; lastKnownFileType = sourcecode.c.objc; path = PSAMusicDiskView.m; sourceTree = "<group>"; };
		7FC2794818068FD700E7B225 /* UIView+Subview.h */ = {isa = PBXFileReference; fileEncoding = 4; lastKnownFileType = sourcecode.c.h; path = "UIView+Subview.h"; sourceTree = "<group>"; };
		7FC2794918068FD700E7B225 /* UIView+Subview.m */ = {isa = PBXFileReference; fileEncoding = 4; lastKnownFileType = sourcecode.c.objc; path = "UIView+Subview.m"; sourceTree = "<group>"; };
		7FC2794B1807E52F00E7B225 /* PSAVideoDeviceViewController.h */ = {isa = PBXFileReference; fileEncoding = 4; lastKnownFileType = sourcecode.c.h; path = PSAVideoDeviceViewController.h; sourceTree = "<group>"; };
		7FC2794C1807E52F00E7B225 /* PSAVideoDeviceViewController.m */ = {isa = PBXFileReference; fileEncoding = 4; lastKnownFileType = sourcecode.c.objc; path = PSAVideoDeviceViewController.m; sourceTree = "<group>"; };
		7FC2794D1807E52F00E7B225 /* PSAVideoDeviceViewController.xib */ = {isa = PBXFileReference; fileEncoding = 4; lastKnownFileType = file.xib; path = PSAVideoDeviceViewController.xib; sourceTree = "<group>"; };
		7FC279501807E53B00E7B225 /* PSAVideoCoverViewController.h */ = {isa = PBXFileReference; fileEncoding = 4; lastKnownFileType = sourcecode.c.h; path = PSAVideoCoverViewController.h; sourceTree = "<group>"; };
		7FC279511807E53B00E7B225 /* PSAVideoCoverViewController.m */ = {isa = PBXFileReference; fileEncoding = 4; lastKnownFileType = sourcecode.c.objc; path = PSAVideoCoverViewController.m; sourceTree = "<group>"; };
		7FC279521807E53B00E7B225 /* PSAVideoCoverViewController.xib */ = {isa = PBXFileReference; fileEncoding = 4; lastKnownFileType = file.xib; path = PSAVideoCoverViewController.xib; sourceTree = "<group>"; };
		7FC279561807E57100E7B225 /* PSAAppListHeaderView.h */ = {isa = PBXFileReference; fileEncoding = 4; lastKnownFileType = sourcecode.c.h; path = PSAAppListHeaderView.h; sourceTree = "<group>"; };
		7FC279571807E57100E7B225 /* PSAAppListHeaderView.m */ = {isa = PBXFileReference; fileEncoding = 4; lastKnownFileType = sourcecode.c.objc; path = PSAAppListHeaderView.m; sourceTree = "<group>"; };
		7FC279581807E57100E7B225 /* PSAAppListHeaderView.xib */ = {isa = PBXFileReference; fileEncoding = 4; lastKnownFileType = file.xib; path = PSAAppListHeaderView.xib; sourceTree = "<group>"; };
		7FC2795B1807E57F00E7B225 /* PSAMusicDeviceCell.h */ = {isa = PBXFileReference; fileEncoding = 4; lastKnownFileType = sourcecode.c.h; path = PSAMusicDeviceCell.h; sourceTree = "<group>"; };
		7FC2795C1807E57F00E7B225 /* PSAMusicDeviceCell.m */ = {isa = PBXFileReference; fileEncoding = 4; lastKnownFileType = sourcecode.c.objc; path = PSAMusicDeviceCell.m; sourceTree = "<group>"; };
		7FC2795D1807E57F00E7B225 /* PSAMusicDeviceCell.xib */ = {isa = PBXFileReference; fileEncoding = 4; lastKnownFileType = file.xib; path = PSAMusicDeviceCell.xib; sourceTree = "<group>"; };
		7FC279601807E59000E7B225 /* PSAMusicPlusCell.xib */ = {isa = PBXFileReference; fileEncoding = 4; lastKnownFileType = file.xib; path = PSAMusicPlusCell.xib; sourceTree = "<group>"; };
		7FC279611807E59000E7B225 /* PSAMusicPlusCell.h */ = {isa = PBXFileReference; fileEncoding = 4; lastKnownFileType = sourcecode.c.h; path = PSAMusicPlusCell.h; sourceTree = "<group>"; };
		7FC279621807E59000E7B225 /* PSAMusicPlusCell.m */ = {isa = PBXFileReference; fileEncoding = 4; lastKnownFileType = sourcecode.c.objc; path = PSAMusicPlusCell.m; sourceTree = "<group>"; };
		7FC279651807E5B700E7B225 /* PSAVideoCoverItemView.h */ = {isa = PBXFileReference; fileEncoding = 4; lastKnownFileType = sourcecode.c.h; path = PSAVideoCoverItemView.h; sourceTree = "<group>"; };
		7FC279661807E5B700E7B225 /* PSAVideoCoverItemView.m */ = {isa = PBXFileReference; fileEncoding = 4; lastKnownFileType = sourcecode.c.objc; path = PSAVideoCoverItemView.m; sourceTree = "<group>"; };
		7FC279671807E5B700E7B225 /* PSAVideoCoverItemView.xib */ = {isa = PBXFileReference; fileEncoding = 4; lastKnownFileType = file.xib; path = PSAVideoCoverItemView.xib; sourceTree = "<group>"; };
/* End PBXFileReference section */

/* Begin PBXFrameworksBuildPhase section */
		1C63E32A1803C74600E0AAEC /* Frameworks */ = {
			isa = PBXFrameworksBuildPhase;
			buildActionMask = 2147483647;
			files = (
				1C63E3331803C74600E0AAEC /* CoreGraphics.framework in Frameworks */,
				1C63E3351803C74600E0AAEC /* UIKit.framework in Frameworks */,
				1C63E3311803C74600E0AAEC /* Foundation.framework in Frameworks */,
			);
			runOnlyForDeploymentPostprocessing = 0;
		};
		1C63E34B1803C74700E0AAEC /* Frameworks */ = {
			isa = PBXFrameworksBuildPhase;
			buildActionMask = 2147483647;
			files = (
				1C63E3501803C74700E0AAEC /* XCTest.framework in Frameworks */,
				1C63E3521803C74700E0AAEC /* UIKit.framework in Frameworks */,
				1C63E3511803C74700E0AAEC /* Foundation.framework in Frameworks */,
			);
			runOnlyForDeploymentPostprocessing = 0;
		};
/* End PBXFrameworksBuildPhase section */

/* Begin PBXGroup section */
		1C63E3241803C74600E0AAEC = {
			isa = PBXGroup;
			children = (
				1C63E3361803C74600E0AAEC /* PSAMediaPlayer */,
				1C63E3551803C74700E0AAEC /* PSAMediaPlayerTests */,
				1C63E32F1803C74600E0AAEC /* Frameworks */,
				1C63E32E1803C74600E0AAEC /* Products */,
			);
			sourceTree = "<group>";
		};
		1C63E32E1803C74600E0AAEC /* Products */ = {
			isa = PBXGroup;
			children = (
				1C63E32D1803C74600E0AAEC /* PSAMediaPlayer.app */,
				1C63E34E1803C74700E0AAEC /* PSAMediaPlayerTests.xctest */,
			);
			name = Products;
			sourceTree = "<group>";
		};
		1C63E32F1803C74600E0AAEC /* Frameworks */ = {
			isa = PBXGroup;
			children = (
				1C63E3301803C74600E0AAEC /* Foundation.framework */,
				1C63E3321803C74600E0AAEC /* CoreGraphics.framework */,
				1C63E3341803C74600E0AAEC /* UIKit.framework */,
				1C63E34F1803C74700E0AAEC /* XCTest.framework */,
			);
			name = Frameworks;
			sourceTree = "<group>";
		};
		1C63E3361803C74600E0AAEC /* PSAMediaPlayer */ = {
			isa = PBXGroup;
			children = (
				1C63E3651803C7C000E0AAEC /* Class */,
				1C63E33F1803C74600E0AAEC /* AppDelegate.h */,
				1C63E3401803C74600E0AAEC /* AppDelegate.m */,
				1C63E3711803C91D00E0AAEC /* PSAConstantConfig.h */,
				1C63E3481803C74600E0AAEC /* Images.xcassets */,
				1C63E3371803C74600E0AAEC /* Supporting Files */,
			);
			path = PSAMediaPlayer;
			sourceTree = "<group>";
		};
		1C63E3371803C74600E0AAEC /* Supporting Files */ = {
			isa = PBXGroup;
			children = (
				1C63E3381803C74600E0AAEC /* PSAMediaPlayer-Info.plist */,
				1C63E3391803C74600E0AAEC /* InfoPlist.strings */,
				1C63E33C1803C74600E0AAEC /* main.m */,
				1C63E33E1803C74600E0AAEC /* PSAMediaPlayer-Prefix.pch */,
			);
			name = "Supporting Files";
			sourceTree = "<group>";
		};
		1C63E3551803C74700E0AAEC /* PSAMediaPlayerTests */ = {
			isa = PBXGroup;
			children = (
				1C63E35B1803C74700E0AAEC /* PSAMediaPlayerTests.m */,
				1C63E3561803C74700E0AAEC /* Supporting Files */,
			);
			path = PSAMediaPlayerTests;
			sourceTree = "<group>";
		};
		1C63E3561803C74700E0AAEC /* Supporting Files */ = {
			isa = PBXGroup;
			children = (
				1C63E3571803C74700E0AAEC /* PSAMediaPlayerTests-Info.plist */,
				1C63E3581803C74700E0AAEC /* InfoPlist.strings */,
			);
			name = "Supporting Files";
			sourceTree = "<group>";
		};
		1C63E3651803C7C000E0AAEC /* Class */ = {
			isa = PBXGroup;
			children = (
				1C63E38E1807D46A00E0AAEC /* Model */,
				7FC2794418068F8D00E7B225 /* CustomView */,
				7FC2793D18068F3700E7B225 /* Library */,
				1C63E3771804E65000E0AAEC /* Category */,
				1C63E3661803C7C500E0AAEC /* ViewController */,
			);
			name = Class;
			sourceTree = "<group>";
		};
		1C63E3661803C7C500E0AAEC /* ViewController */ = {
			isa = PBXGroup;
			children = (
				4BBC715F180A67E300D3C5EB /* Radio */,
				7FC2793818068BFB00E7B225 /* Music */,
				7FC2793718068BE600E7B225 /* Video */,
				1C63E36C1803C7FD00E0AAEC /* PSAMainViewController.h */,
				1C63E36D1803C7FD00E0AAEC /* PSAMainViewController.m */,
				1C63E36E1803C7FD00E0AAEC /* PSAMainViewController.xib */,
			);
			name = ViewController;
			sourceTree = "<group>";
		};
		1C63E3771804E65000E0AAEC /* Category */ = {
			isa = PBXGroup;
			children = (
				1C63E3951807D4CE00E0AAEC /* NSArray+Data.h */,
				1C63E3961807D4CE00E0AAEC /* NSArray+Data.m */,
				7FC2794818068FD700E7B225 /* UIView+Subview.h */,
				7FC2794918068FD700E7B225 /* UIView+Subview.m */,
				7FC2793A18068E6800E7B225 /* UIView+FadeInOut.h */,
				7FC2793B18068E6800E7B225 /* UIView+FadeInOut.m */,
				1C63E3781804E67700E0AAEC /* UIView+Frame.h */,
				1C63E3791804E67700E0AAEC /* UIView+Frame.m */,
				1C63E37A1804E67700E0AAEC /* UILabel+Font.h */,
				1C63E37B1804E67700E0AAEC /* UILabel+Font.m */,
			);
			name = Category;
			sourceTree = "<group>";
		};
		1C63E38E1807D46A00E0AAEC /* Model */ = {
			isa = PBXGroup;
			children = (
				1C63E38F1807D47700E0AAEC /* PSATune.h */,
				1C63E3901807D47700E0AAEC /* PSATune.m */,
				1C63E3911807D47700E0AAEC /* PSATunesList.h */,
				1C63E3921807D47700E0AAEC /* PSATunesList.m */,
			);
			name = Model;
			sourceTree = "<group>";
		};
		4BBC715F180A67E300D3C5EB /* Radio */ = {
			isa = PBXGroup;
			children = (
				4BBC7160180A67EC00D3C5EB /* PSARadioConstantsConfig.h */,
				4BBC7161180A67EC00D3C5EB /* PSARadioPlayer.h */,
				4BBC7162180A67EC00D3C5EB /* PSARadioPlayer.m */,
			);
			name = Radio;
			sourceTree = "<group>";
		};
		7FC2793718068BE600E7B225 /* Video */ = {
			isa = PBXGroup;
			children = (
				7FC2793918068DEE00E7B225 /* PSAVideoConstantsConfig.h */,
				1C63E3721804E55500E0AAEC /* PSAVideoPanelViewController.h */,
				1C63E3731804E55500E0AAEC /* PSAVideoPanelViewController.m */,
				1C63E3741804E55500E0AAEC /* PSAVideoPanelViewController.xib */,
				1C63E38018051C7C00E0AAEC /* PSAVideoDVDViewController.h */,
				1C63E38118051C7D00E0AAEC /* PSAVideoDVDViewController.m */,
				1C63E38218051C7D00E0AAEC /* PSAVideoDVDViewController.xib */,
				1C63E38518051DD400E0AAEC /* PSAVideoYoukuViewController.h */,
				1C63E38618051DD400E0AAEC /* PSAVideoYoukuViewController.m */,
				1C63E38718051DD400E0AAEC /* PSAVideoYoukuViewController.xib */,
				7FC2794B1807E52F00E7B225 /* PSAVideoDeviceViewController.h */,
				7FC2794C1807E52F00E7B225 /* PSAVideoDeviceViewController.m */,
				7FC2794D1807E52F00E7B225 /* PSAVideoDeviceViewController.xib */,
				7FC279501807E53B00E7B225 /* PSAVideoCoverViewController.h */,
				7FC279511807E53B00E7B225 /* PSAVideoCoverViewController.m */,
				7FC279521807E53B00E7B225 /* PSAVideoCoverViewController.xib */,
			);
			name = Video;
			sourceTree = "<group>";
		};
		7FC2793818068BFB00E7B225 /* Music */ = {
			isa = PBXGroup;
			children = (
				1C63E38A1807D40F00E0AAEC /* PSAMusicPlayer.h */,
				1C63E38B1807D40F00E0AAEC /* PSAMusicPlayer.m */,
				1C63E38C1807D40F00E0AAEC /* PSAMusicConstantsConfig.h */,
			);
			name = Music;
			sourceTree = "<group>";
		};
		7FC2793D18068F3700E7B225 /* Library */ = {
			isa = PBXGroup;
			children = (
				7FC2793E18068F4D00E7B225 /* StyledPageControl.h */,
				7FC2793F18068F4D00E7B225 /* StyledPageControl.m */,
				7FC2794118068F6200E7B225 /* DMPagingScrollView.h */,
				7FC2794218068F6200E7B225 /* DMPagingScrollView.m */,
			);
			name = Library;
			sourceTree = "<group>";
		};
		7FC2794418068F8D00E7B225 /* CustomView */ = {
			isa = PBXGroup;
			children = (
				7FC2794518068F9900E7B225 /* PSAMusicDiskView.h */,
				7FC2794618068F9900E7B225 /* PSAMusicDiskView.m */,
				7FC279561807E57100E7B225 /* PSAAppListHeaderView.h */,
				7FC279571807E57100E7B225 /* PSAAppListHeaderView.m */,
				7FC279581807E57100E7B225 /* PSAAppListHeaderView.xib */,
				7FC2795B1807E57F00E7B225 /* PSAMusicDeviceCell.h */,
				7FC2795C1807E57F00E7B225 /* PSAMusicDeviceCell.m */,
				7FC2795D1807E57F00E7B225 /* PSAMusicDeviceCell.xib */,
				7FC279601807E59000E7B225 /* PSAMusicPlusCell.xib */,
				7FC279611807E59000E7B225 /* PSAMusicPlusCell.h */,
				7FC279621807E59000E7B225 /* PSAMusicPlusCell.m */,
				7FC279651807E5B700E7B225 /* PSAVideoCoverItemView.h */,
				7FC279661807E5B700E7B225 /* PSAVideoCoverItemView.m */,
				7FC279671807E5B700E7B225 /* PSAVideoCoverItemView.xib */,
			);
			name = CustomView;
			sourceTree = "<group>";
		};
/* End PBXGroup section */

/* Begin PBXNativeTarget section */
		1C63E32C1803C74600E0AAEC /* PSAMediaPlayer */ = {
			isa = PBXNativeTarget;
			buildConfigurationList = 1C63E35F1803C74700E0AAEC /* Build configuration list for PBXNativeTarget "PSAMediaPlayer" */;
			buildPhases = (
				1C63E3291803C74600E0AAEC /* Sources */,
				1C63E32A1803C74600E0AAEC /* Frameworks */,
				1C63E32B1803C74600E0AAEC /* Resources */,
			);
			buildRules = (
			);
			dependencies = (
			);
			name = PSAMediaPlayer;
			productName = PSAMediaPlayer;
			productReference = 1C63E32D1803C74600E0AAEC /* PSAMediaPlayer.app */;
			productType = "com.apple.product-type.application";
		};
		1C63E34D1803C74700E0AAEC /* PSAMediaPlayerTests */ = {
			isa = PBXNativeTarget;
			buildConfigurationList = 1C63E3621803C74700E0AAEC /* Build configuration list for PBXNativeTarget "PSAMediaPlayerTests" */;
			buildPhases = (
				1C63E34A1803C74700E0AAEC /* Sources */,
				1C63E34B1803C74700E0AAEC /* Frameworks */,
				1C63E34C1803C74700E0AAEC /* Resources */,
			);
			buildRules = (
			);
			dependencies = (
				1C63E3541803C74700E0AAEC /* PBXTargetDependency */,
			);
			name = PSAMediaPlayerTests;
			productName = PSAMediaPlayerTests;
			productReference = 1C63E34E1803C74700E0AAEC /* PSAMediaPlayerTests.xctest */;
			productType = "com.apple.product-type.bundle.unit-test";
		};
/* End PBXNativeTarget section */

/* Begin PBXProject section */
		1C63E3251803C74600E0AAEC /* Project object */ = {
			isa = PBXProject;
			attributes = {
				LastUpgradeCheck = 0500;
				ORGANIZATIONNAME = "Fan's Mac";
				TargetAttributes = {
					1C63E34D1803C74700E0AAEC = {
						TestTargetID = 1C63E32C1803C74600E0AAEC;
					};
				};
			};
			buildConfigurationList = 1C63E3281803C74600E0AAEC /* Build configuration list for PBXProject "PSAMediaPlayer" */;
			compatibilityVersion = "Xcode 3.2";
			developmentRegion = English;
			hasScannedForEncodings = 0;
			knownRegions = (
				en,
				Base,
			);
			mainGroup = 1C63E3241803C74600E0AAEC;
			productRefGroup = 1C63E32E1803C74600E0AAEC /* Products */;
			projectDirPath = "";
			projectRoot = "";
			targets = (
				1C63E32C1803C74600E0AAEC /* PSAMediaPlayer */,
				1C63E34D1803C74700E0AAEC /* PSAMediaPlayerTests */,
			);
		};
/* End PBXProject section */

/* Begin PBXResourcesBuildPhase section */
		1C63E32B1803C74600E0AAEC /* Resources */ = {
			isa = PBXResourcesBuildPhase;
			buildActionMask = 2147483647;
			files = (
				7FC2795F1807E57F00E7B225 /* PSAMusicDeviceCell.xib in Resources */,
				1C63E3491803C74600E0AAEC /* Images.xcassets in Resources */,
				7FC279691807E5B700E7B225 /* PSAVideoCoverItemView.xib in Resources */,
				7FC279541807E53B00E7B225 /* PSAVideoCoverViewController.xib in Resources */,
				1C63E38918051DD400E0AAEC /* PSAVideoYoukuViewController.xib in Resources */,
				1C63E3701803C7FD00E0AAEC /* PSAMainViewController.xib in Resources */,
				1C63E3761804E55500E0AAEC /* PSAVideoPanelViewController.xib in Resources */,
				1C63E38418051C7D00E0AAEC /* PSAVideoDVDViewController.xib in Resources */,
				1C63E33B1803C74600E0AAEC /* InfoPlist.strings in Resources */,
				7FC2795A1807E57100E7B225 /* PSAAppListHeaderView.xib in Resources */,
				7FC2794F1807E52F00E7B225 /* PSAVideoDeviceViewController.xib in Resources */,
				7FC279631807E59000E7B225 /* PSAMusicPlusCell.xib in Resources */,
			);
			runOnlyForDeploymentPostprocessing = 0;
		};
		1C63E34C1803C74700E0AAEC /* Resources */ = {
			isa = PBXResourcesBuildPhase;
			buildActionMask = 2147483647;
			files = (
				1C63E35A1803C74700E0AAEC /* InfoPlist.strings in Resources */,
			);
			runOnlyForDeploymentPostprocessing = 0;
		};
/* End PBXResourcesBuildPhase section */

/* Begin PBXSourcesBuildPhase section */
		1C63E3291803C74600E0AAEC /* Sources */ = {
			isa = PBXSourcesBuildPhase;
			buildActionMask = 2147483647;
			files = (
				7FC2794A18068FD700E7B225 /* UIView+Subview.m in Sources */,
				1C63E3931807D47700E0AAEC /* PSATune.m in Sources */,
				7FC2794718068F9900E7B225 /* PSAMusicDiskView.m in Sources */,
				7FC2794E1807E52F00E7B225 /* PSAVideoDeviceViewController.m in Sources */,
				1C63E36F1803C7FD00E0AAEC /* PSAMainViewController.m in Sources */,
				7FC2793C18068E6800E7B225 /* UIView+FadeInOut.m in Sources */,
				7FC279591807E57100E7B225 /* PSAAppListHeaderView.m in Sources */,
				1C63E37E1804E67700E0AAEC /* UILabel+Font.m in Sources */,
				1C63E3411803C74600E0AAEC /* AppDelegate.m in Sources */,
				1C63E3751804E55500E0AAEC /* PSAVideoPanelViewController.m in Sources */,
				1C63E3941807D47700E0AAEC /* PSATunesList.m in Sources */,
				7FC279531807E53B00E7B225 /* PSAVideoCoverViewController.m in Sources */,
				1C63E3971807D4CE00E0AAEC /* NSArray+Data.m in Sources */,
				1C63E38D1807D40F00E0AAEC /* PSAMusicPlayer.m in Sources */,
				7FC2795E1807E57F00E7B225 /* PSAMusicDeviceCell.m in Sources */,
				1C63E37D1804E67700E0AAEC /* UIView+Frame.m in Sources */,
				1C63E33D1803C74600E0AAEC /* main.m in Sources */,
				1C63E38318051C7D00E0AAEC /* PSAVideoDVDViewController.m in Sources */,
				1C63E38818051DD400E0AAEC /* PSAVideoYoukuViewController.m in Sources */,
				4BBC7163180A67EC00D3C5EB /* PSARadioPlayer.m in Sources */,
				7FC2794318068F6200E7B225 /* DMPagingScrollView.m in Sources */,
				7FC279681807E5B700E7B225 /* PSAVideoCoverItemView.m in Sources */,
				7FC279641807E59000E7B225 /* PSAMusicPlusCell.m in Sources */,
				7FC2794018068F4D00E7B225 /* StyledPageControl.m in Sources */,
			);
			runOnlyForDeploymentPostprocessing = 0;
		};
		1C63E34A1803C74700E0AAEC /* Sources */ = {
			isa = PBXSourcesBuildPhase;
			buildActionMask = 2147483647;
			files = (
				1C63E35C1803C74700E0AAEC /* PSAMediaPlayerTests.m in Sources */,
			);
			runOnlyForDeploymentPostprocessing = 0;
		};
/* End PBXSourcesBuildPhase section */

/* Begin PBXTargetDependency section */
		1C63E3541803C74700E0AAEC /* PBXTargetDependency */ = {
			isa = PBXTargetDependency;
			target = 1C63E32C1803C74600E0AAEC /* PSAMediaPlayer */;
			targetProxy = 1C63E3531803C74700E0AAEC /* PBXContainerItemProxy */;
		};
/* End PBXTargetDependency section */

/* Begin PBXVariantGroup section */
		1C63E3391803C74600E0AAEC /* InfoPlist.strings */ = {
			isa = PBXVariantGroup;
			children = (
				1C63E33A1803C74600E0AAEC /* en */,
			);
			name = InfoPlist.strings;
			sourceTree = "<group>";
		};
		1C63E3581803C74700E0AAEC /* InfoPlist.strings */ = {
			isa = PBXVariantGroup;
			children = (
				1C63E3591803C74700E0AAEC /* en */,
			);
			name = InfoPlist.strings;
			sourceTree = "<group>";
		};
/* End PBXVariantGroup section */

/* Begin XCBuildConfiguration section */
		1C63E35D1803C74700E0AAEC /* Debug */ = {
			isa = XCBuildConfiguration;
			buildSettings = {
				ALWAYS_SEARCH_USER_PATHS = NO;
				ARCHS = "$(ARCHS_STANDARD_INCLUDING_64_BIT)";
				CLANG_CXX_LANGUAGE_STANDARD = "gnu++0x";
				CLANG_CXX_LIBRARY = "libc++";
				CLANG_ENABLE_MODULES = YES;
				CLANG_ENABLE_OBJC_ARC = YES;
				CLANG_WARN_BOOL_CONVERSION = YES;
				CLANG_WARN_CONSTANT_CONVERSION = YES;
				CLANG_WARN_DIRECT_OBJC_ISA_USAGE = YES_ERROR;
				CLANG_WARN_EMPTY_BODY = YES;
				CLANG_WARN_ENUM_CONVERSION = YES;
				CLANG_WARN_INT_CONVERSION = YES;
				CLANG_WARN_OBJC_ROOT_CLASS = YES_ERROR;
				CLANG_WARN__DUPLICATE_METHOD_MATCH = YES;
				"CODE_SIGN_IDENTITY[sdk=iphoneos*]" = "iPhone Developer";
				COPY_PHASE_STRIP = NO;
				GCC_C_LANGUAGE_STANDARD = gnu99;
				GCC_DYNAMIC_NO_PIC = NO;
				GCC_OPTIMIZATION_LEVEL = 0;
				GCC_PREPROCESSOR_DEFINITIONS = (
					"DEBUG=1",
					"$(inherited)",
				);
				GCC_SYMBOLS_PRIVATE_EXTERN = NO;
				GCC_WARN_64_TO_32_BIT_CONVERSION = YES;
				GCC_WARN_ABOUT_RETURN_TYPE = YES_ERROR;
				GCC_WARN_UNDECLARED_SELECTOR = YES;
				GCC_WARN_UNINITIALIZED_AUTOS = YES;
				GCC_WARN_UNUSED_FUNCTION = YES;
				GCC_WARN_UNUSED_VARIABLE = YES;
				IPHONEOS_DEPLOYMENT_TARGET = 7.0;
				ONLY_ACTIVE_ARCH = YES;
				SDKROOT = iphoneos;
				TARGETED_DEVICE_FAMILY = 2;
			};
			name = Debug;
		};
		1C63E35E1803C74700E0AAEC /* Release */ = {
			isa = XCBuildConfiguration;
			buildSettings = {
				ALWAYS_SEARCH_USER_PATHS = NO;
				ARCHS = "$(ARCHS_STANDARD_INCLUDING_64_BIT)";
				CLANG_CXX_LANGUAGE_STANDARD = "gnu++0x";
				CLANG_CXX_LIBRARY = "libc++";
				CLANG_ENABLE_MODULES = YES;
				CLANG_ENABLE_OBJC_ARC = YES;
				CLANG_WARN_BOOL_CONVERSION = YES;
				CLANG_WARN_CONSTANT_CONVERSION = YES;
				CLANG_WARN_DIRECT_OBJC_ISA_USAGE = YES_ERROR;
				CLANG_WARN_EMPTY_BODY = YES;
				CLANG_WARN_ENUM_CONVERSION = YES;
				CLANG_WARN_INT_CONVERSION = YES;
				CLANG_WARN_OBJC_ROOT_CLASS = YES_ERROR;
				CLANG_WARN__DUPLICATE_METHOD_MATCH = YES;
				"CODE_SIGN_IDENTITY[sdk=iphoneos*]" = "iPhone Developer";
				COPY_PHASE_STRIP = YES;
				ENABLE_NS_ASSERTIONS = NO;
				GCC_C_LANGUAGE_STANDARD = gnu99;
				GCC_WARN_64_TO_32_BIT_CONVERSION = YES;
				GCC_WARN_ABOUT_RETURN_TYPE = YES_ERROR;
				GCC_WARN_UNDECLARED_SELECTOR = YES;
				GCC_WARN_UNINITIALIZED_AUTOS = YES;
				GCC_WARN_UNUSED_FUNCTION = YES;
				GCC_WARN_UNUSED_VARIABLE = YES;
				IPHONEOS_DEPLOYMENT_TARGET = 7.0;
				SDKROOT = iphoneos;
				TARGETED_DEVICE_FAMILY = 2;
				VALIDATE_PRODUCT = YES;
			};
			name = Release;
		};
		1C63E3601803C74700E0AAEC /* Debug */ = {
			isa = XCBuildConfiguration;
			buildSettings = {
				ASSETCATALOG_COMPILER_APPICON_NAME = AppIcon;
				ASSETCATALOG_COMPILER_LAUNCHIMAGE_NAME = LaunchImage;
				GCC_PRECOMPILE_PREFIX_HEADER = YES;
				GCC_PREFIX_HEADER = "PSAMediaPlayer/PSAMediaPlayer-Prefix.pch";
				INFOPLIST_FILE = "PSAMediaPlayer/PSAMediaPlayer-Info.plist";
				PRODUCT_NAME = "$(TARGET_NAME)";
				WRAPPER_EXTENSION = app;
			};
			name = Debug;
		};
		1C63E3611803C74700E0AAEC /* Release */ = {
			isa = XCBuildConfiguration;
			buildSettings = {
				ASSETCATALOG_COMPILER_APPICON_NAME = AppIcon;
				ASSETCATALOG_COMPILER_LAUNCHIMAGE_NAME = LaunchImage;
				GCC_PRECOMPILE_PREFIX_HEADER = YES;
				GCC_PREFIX_HEADER = "PSAMediaPlayer/PSAMediaPlayer-Prefix.pch";
				INFOPLIST_FILE = "PSAMediaPlayer/PSAMediaPlayer-Info.plist";
				PRODUCT_NAME = "$(TARGET_NAME)";
				WRAPPER_EXTENSION = app;
			};
			name = Release;
		};
		1C63E3631803C74700E0AAEC /* Debug */ = {
			isa = XCBuildConfiguration;
			buildSettings = {
				ARCHS = "$(ARCHS_STANDARD_INCLUDING_64_BIT)";
				BUNDLE_LOADER = "$(BUILT_PRODUCTS_DIR)/PSAMediaPlayer.app/PSAMediaPlayer";
				FRAMEWORK_SEARCH_PATHS = (
					"$(SDKROOT)/Developer/Library/Frameworks",
					"$(inherited)",
					"$(DEVELOPER_FRAMEWORKS_DIR)",
				);
				GCC_PRECOMPILE_PREFIX_HEADER = YES;
				GCC_PREFIX_HEADER = "PSAMediaPlayer/PSAMediaPlayer-Prefix.pch";
				GCC_PREPROCESSOR_DEFINITIONS = (
					"DEBUG=1",
					"$(inherited)",
				);
				INFOPLIST_FILE = "PSAMediaPlayerTests/PSAMediaPlayerTests-Info.plist";
				PRODUCT_NAME = "$(TARGET_NAME)";
				TEST_HOST = "$(BUNDLE_LOADER)";
				WRAPPER_EXTENSION = xctest;
			};
			name = Debug;
		};
		1C63E3641803C74700E0AAEC /* Release */ = {
			isa = XCBuildConfiguration;
			buildSettings = {
				ARCHS = "$(ARCHS_STANDARD_INCLUDING_64_BIT)";
				BUNDLE_LOADER = "$(BUILT_PRODUCTS_DIR)/PSAMediaPlayer.app/PSAMediaPlayer";
				FRAMEWORK_SEARCH_PATHS = (
					"$(SDKROOT)/Developer/Library/Frameworks",
					"$(inherited)",
					"$(DEVELOPER_FRAMEWORKS_DIR)",
				);
				GCC_PRECOMPILE_PREFIX_HEADER = YES;
				GCC_PREFIX_HEADER = "PSAMediaPlayer/PSAMediaPlayer-Prefix.pch";
				INFOPLIST_FILE = "PSAMediaPlayerTests/PSAMediaPlayerTests-Info.plist";
				PRODUCT_NAME = "$(TARGET_NAME)";
				TEST_HOST = "$(BUNDLE_LOADER)";
				WRAPPER_EXTENSION = xctest;
			};
			name = Release;
		};
/* End XCBuildConfiguration section */

/* Begin XCConfigurationList section */
		1C63E3281803C74600E0AAEC /* Build configuration list for PBXProject "PSAMediaPlayer" */ = {
			isa = XCConfigurationList;
			buildConfigurations = (
				1C63E35D1803C74700E0AAEC /* Debug */,
				1C63E35E1803C74700E0AAEC /* Release */,
			);
			defaultConfigurationIsVisible = 0;
			defaultConfigurationName = Release;
		};
		1C63E35F1803C74700E0AAEC /* Build configuration list for PBXNativeTarget "PSAMediaPlayer" */ = {
			isa = XCConfigurationList;
			buildConfigurations = (
				1C63E3601803C74700E0AAEC /* Debug */,
				1C63E3611803C74700E0AAEC /* Release */,
			);
			defaultConfigurationIsVisible = 0;
			defaultConfigurationName = Release;
		};
		1C63E3621803C74700E0AAEC /* Build configuration list for PBXNativeTarget "PSAMediaPlayerTests" */ = {
			isa = XCConfigurationList;
			buildConfigurations = (
				1C63E3631803C74700E0AAEC /* Debug */,
				1C63E3641803C74700E0AAEC /* Release */,
			);
			defaultConfigurationIsVisible = 0;
			defaultConfigurationName = Release;
		};
/* End XCConfigurationList section */
	};
	rootObject = 1C63E3251803C74600E0AAEC /* Project object */;
}
